
Microsoft Visual Studio Solution File, Format Version 12.00
# Visual Studio 15
VisualStudioVersion = 15.0.28307.329
MinimumVisualStudioVersion = 10.0.40219.1
Project("{FAE04EC0-301F-11D3-BF4B-00C04F79EFBC}") = "Windows_Forms", "Windows_Forms\Windows_Forms.csproj", "{EA9F219B-4475-47BB-96FA-E904AF5A83CA}"
EndProject
Project("{FAE04EC0-301F-11D3-BF4B-00C04F79EFBC}") = "Alarm", "20190128_Alarm\Alarm\Alarm.csproj", "{3145FEAA-02B9-4BDD-90F2-D395AFFFEC38}"
EndProject
Project("{FAE04EC0-301F-11D3-BF4B-00C04F79EFBC}") = "DataGridViewKullanimi", "20190128_DataGridViewKullanimi\20190128_DataGridViewKullanimi\DataGridViewKullanimi.csproj", "{C1520C6C-4531-4241-9332-A3945EFF0F1B}"
EndProject
Project("{FAE04EC0-301F-11D3-BF4B-00C04F79EFBC}") = "Dizi_islemler", "20190128_Dizi_islemler\20190128_Dizi_islemler\Dizi_islemler.csproj", "{27C817F2-9714-41EA-8166-387AF089711E}"
EndProject
Project("{FAE04EC0-301F-11D3-BF4B-00C04F79EFBC}") = "Giris_Uygulamasi", "20190128_Giris_Uygulamasi\Giris_Uygulamasi\Giris_Uygulamasi.csproj", "{C1C14717-73C9-4FD3-AAEE-3DC3A6F417AB}"
EndProject
Project("{FAE04EC0-301F-11D3-BF4B-00C04F79EFBC}") = "Cizgi_Olusturma", "20190129_Cizgi_Olusturma\20190129_Cizgi_Olusturma\Cizgi_Olusturma.csproj", "{F405A451-F84B-4B76-A0C1-BB7AC1D7ECDB}"
EndProject
Project("{FAE04EC0-301F-11D3-BF4B-00C04F79EFBC}") = "Cizim_Brush", "20190129_Cizim_Brush\20190129_Cizim_Brush\Cizim_Brush.csproj", "{FA35B6D9-B621-4030-B1BE-E843026BD9A1}"
EndProject
Project("{FAE04EC0-301F-11D3-BF4B-00C04F79EFBC}") = "Cizim_Yapma", "20190129_Cizim_Yapma\20190129_Cizim_Yapma\Cizim_Yapma.csproj", "{78FC31EA-DD6D-4DA1-A006-641F09358342}"
EndProject
Project("{FAE04EC0-301F-11D3-BF4B-00C04F79EFBC}") = "ComboBox", "20190129_ComboBox\20190129_ComboBox\ComboBox.csproj", "{4475E2E9-F62B-435C-9EE1-89594D919622}"
EndProject
Project("{FAE04EC0-301F-11D3-BF4B-00C04F79EFBC}") = "ComboBox-ornek2", "20190129_ComboBox-ornek2\20190129_ComboBox-ornek2\ComboBox-ornek2.csproj", "{F1DE0AFB-1478-46A7-9D52-92E694362CC8}"
EndProject
Project("{FAE04EC0-301F-11D3-BF4B-00C04F79EFBC}") = "Enable", "20190129_Enable\20190129_Enable\Enable.csproj", "{4169EA7C-EF79-4B5B-85BB-DAA1CBB0B115}"
EndProject
Project("{FAE04EC0-301F-11D3-BF4B-00C04F79EFBC}") = "Rss_Api", "20190129_Rss_Api\20190129_Rss_Api\Rss_Api.csproj", "{7EC0790D-4CD1-4BF2-8894-1721ACC90582}"
EndProject
Project("{FAE04EC0-301F-11D3-BF4B-00C04F79EFBC}") = "FareHareketleri", "FareHareketleri\FareHareketleri.csproj", "{3269DDBE-2FD5-4989-A0DF-576B7A805E4E}"
EndProject
Project("{FAE04EC0-301F-11D3-BF4B-00C04F79EFBC}") = "form1_ornek", "form1_ornek\form1_ornek\form1_ornek.csproj", "{3E57EFAF-F127-42EF-96C7-05CDFC578893}"
EndProject
Project("{FAE04EC0-301F-11D3-BF4B-00C04F79EFBC}") = "Mouse_Cizim", "Mouse_Cizim\Mouse_Cizim.csproj", "{D0FC0F98-6ED7-4B0D-9267-DD9C32B406AA}"
EndProject
Project("{FAE04EC0-301F-11D3-BF4B-00C04F79EFBC}") = "PodEditor", "PodEditor\PodEditor.csproj", "{4A35FD43-7F22-4B5C-BC87-7C2FEC57FFE9}"
EndProject
Project("{FAE04EC0-301F-11D3-BF4B-00C04F79EFBC}") = "SayiTahminOyunu", "SayiTahminOyunu\SayiTahminOyunu.csproj", "{709E5D65-2C0D-4EB9-9ACC-DA0D60E15DDC}"
EndProject
Project("{FAE04EC0-301F-11D3-BF4B-00C04F79EFBC}") = "Yazdirma_Secenekleri", "Yazdirma_Secenekleri\Yazdirma_Secenekleri.csproj", "{15E9D8DA-BA4F-4D85-94F2-B26FC7DA4332}"
EndProject
Project("{FAE04EC0-301F-11D3-BF4B-00C04F79EFBC}") = "Yazdirma_liste", "Yazdirma_liste\Yazdirma_liste.csproj", "{2AE216DD-D591-4274-BD4B-9B2328D09F17}"
EndProject
Project("{FAE04EC0-301F-11D3-BF4B-00C04F79EFBC}") = "Path_YolBilgileri", "Path_YolBilgileri\Path_YolBilgileri.csproj", "{9FDCB32A-462F-4BEE-8338-F49937142F95}"
EndProject
Project("{FAE04EC0-301F-11D3-BF4B-00C04F79EFBC}") = "Geth_DosyaKaydet", "Geth_DosyaKaydet\Geth_DosyaKaydet.csproj", "{D2B93DDA-B769-4579-B82A-FAE985BD2DBE}"
EndProject
Project("{FAE04EC0-301F-11D3-BF4B-00C04F79EFBC}") = "Ayarlar", "Ayarlar\Ayarlar.csproj", "{73C36CA8-FC86-4CBA-9A05-09E4D04A04BF}"
EndProject
Project("{FAE04EC0-301F-11D3-BF4B-00C04F79EFBC}") = "OgrenciKayit", "OgrenciKayit\OgrenciKayit.csproj", "{B0892D3E-34A6-4E24-BECD-6221B88AE209}"
EndProject
Project("{FAE04EC0-301F-11D3-BF4B-00C04F79EFBC}") = "Combo_List_Resim_Ekleme", "Combo_List_Resim_Ekleme\Combo_List_Resim_Ekleme.csproj", "{6D30D0C8-E019-403C-88D3-74417DAE4B03}"
EndProject
Project("{FAE04EC0-301F-11D3-BF4B-00C04F79EFBC}") = "Paint_plus", "Paint_plus\Paint_plus.csproj", "{62E961BA-F79A-4328-A9CC-4132C3A6BAFA}"
EndProject
Project("{FAE04EC0-301F-11D3-BF4B-00C04F79EFBC}") = "Scale_Uyum", "Scale_Uyum\Scale_Uyum.csproj", "{BC5B9A3E-0CCA-4FE2-BFC0-7B7CD02278C7}"
EndProject
Project("{FAE04EC0-301F-11D3-BF4B-00C04F79EFBC}") = "Tetris", "Tetris\Tetris.csproj", "{D177E45D-F374-455C-B66A-77FAF0B6522B}"
EndProject
Project("{FAE04EC0-301F-11D3-BF4B-00C04F79EFBC}") = "Notificon", "Notificon\Notificon.csproj", "{C575B67C-CC33-41AE-AA78-9163D7612C6E}"
EndProject
Global
	GlobalSection(SolutionConfigurationPlatforms) = preSolution
		Debug|Any CPU = Debug|Any CPU
		Release|Any CPU = Release|Any CPU
	EndGlobalSection
	GlobalSection(ProjectConfigurationPlatforms) = postSolution
		{EA9F219B-4475-47BB-96FA-E904AF5A83CA}.Debug|Any CPU.ActiveCfg = Debug|Any CPU
		{EA9F219B-4475-47BB-96FA-E904AF5A83CA}.Debug|Any CPU.Build.0 = Debug|Any CPU
		{EA9F219B-4475-47BB-96FA-E904AF5A83CA}.Release|Any CPU.ActiveCfg = Release|Any CPU
		{EA9F219B-4475-47BB-96FA-E904AF5A83CA}.Release|Any CPU.Build.0 = Release|Any CPU
		{3145FEAA-02B9-4BDD-90F2-D395AFFFEC38}.Debug|Any CPU.ActiveCfg = Debug|Any CPU
		{3145FEAA-02B9-4BDD-90F2-D395AFFFEC38}.Debug|Any CPU.Build.0 = Debug|Any CPU
		{3145FEAA-02B9-4BDD-90F2-D395AFFFEC38}.Release|Any CPU.ActiveCfg = Release|Any CPU
		{3145FEAA-02B9-4BDD-90F2-D395AFFFEC38}.Release|Any CPU.Build.0 = Release|Any CPU
		{C1520C6C-4531-4241-9332-A3945EFF0F1B}.Debug|Any CPU.ActiveCfg = Debug|Any CPU
		{C1520C6C-4531-4241-9332-A3945EFF0F1B}.Debug|Any CPU.Build.0 = Debug|Any CPU
		{C1520C6C-4531-4241-9332-A3945EFF0F1B}.Release|Any CPU.ActiveCfg = Release|Any CPU
		{C1520C6C-4531-4241-9332-A3945EFF0F1B}.Release|Any CPU.Build.0 = Release|Any CPU
		{27C817F2-9714-41EA-8166-387AF089711E}.Debug|Any CPU.ActiveCfg = Debug|Any CPU
		{27C817F2-9714-41EA-8166-387AF089711E}.Debug|Any CPU.Build.0 = Debug|Any CPU
		{27C817F2-9714-41EA-8166-387AF089711E}.Release|Any CPU.ActiveCfg = Release|Any CPU
		{27C817F2-9714-41EA-8166-387AF089711E}.Release|Any CPU.Build.0 = Release|Any CPU
		{C1C14717-73C9-4FD3-AAEE-3DC3A6F417AB}.Debug|Any CPU.ActiveCfg = Debug|Any CPU
		{C1C14717-73C9-4FD3-AAEE-3DC3A6F417AB}.Debug|Any CPU.Build.0 = Debug|Any CPU
		{C1C14717-73C9-4FD3-AAEE-3DC3A6F417AB}.Release|Any CPU.ActiveCfg = Release|Any CPU
		{C1C14717-73C9-4FD3-AAEE-3DC3A6F417AB}.Release|Any CPU.Build.0 = Release|Any CPU
		{F405A451-F84B-4B76-A0C1-BB7AC1D7ECDB}.Debug|Any CPU.ActiveCfg = Debug|Any CPU
		{F405A451-F84B-4B76-A0C1-BB7AC1D7ECDB}.Debug|Any CPU.Build.0 = Debug|Any CPU
		{F405A451-F84B-4B76-A0C1-BB7AC1D7ECDB}.Release|Any CPU.ActiveCfg = Release|Any CPU
		{F405A451-F84B-4B76-A0C1-BB7AC1D7ECDB}.Release|Any CPU.Build.0 = Release|Any CPU
		{FA35B6D9-B621-4030-B1BE-E843026BD9A1}.Debug|Any CPU.ActiveCfg = Debug|Any CPU
		{FA35B6D9-B621-4030-B1BE-E843026BD9A1}.Debug|Any CPU.Build.0 = Debug|Any CPU
		{FA35B6D9-B621-4030-B1BE-E843026BD9A1}.Release|Any CPU.ActiveCfg = Release|Any CPU
		{FA35B6D9-B621-4030-B1BE-E843026BD9A1}.Release|Any CPU.Build.0 = Release|Any CPU
		{78FC31EA-DD6D-4DA1-A006-641F09358342}.Debug|Any CPU.ActiveCfg = Debug|Any CPU
		{78FC31EA-DD6D-4DA1-A006-641F09358342}.Debug|Any CPU.Build.0 = Debug|Any CPU
		{78FC31EA-DD6D-4DA1-A006-641F09358342}.Release|Any CPU.ActiveCfg = Release|Any CPU
		{78FC31EA-DD6D-4DA1-A006-641F09358342}.Release|Any CPU.Build.0 = Release|Any CPU
		{4475E2E9-F62B-435C-9EE1-89594D919622}.Debug|Any CPU.ActiveCfg = Debug|Any CPU
		{4475E2E9-F62B-435C-9EE1-89594D919622}.Debug|Any CPU.Build.0 = Debug|Any CPU
		{4475E2E9-F62B-435C-9EE1-89594D919622}.Release|Any CPU.ActiveCfg = Release|Any CPU
		{4475E2E9-F62B-435C-9EE1-89594D919622}.Release|Any CPU.Build.0 = Release|Any CPU
		{F1DE0AFB-1478-46A7-9D52-92E694362CC8}.Debug|Any CPU.ActiveCfg = Debug|Any CPU
		{F1DE0AFB-1478-46A7-9D52-92E694362CC8}.Debug|Any CPU.Build.0 = Debug|Any CPU
		{F1DE0AFB-1478-46A7-9D52-92E694362CC8}.Release|Any CPU.ActiveCfg = Release|Any CPU
		{F1DE0AFB-1478-46A7-9D52-92E694362CC8}.Release|Any CPU.Build.0 = Release|Any CPU
		{4169EA7C-EF79-4B5B-85BB-DAA1CBB0B115}.Debug|Any CPU.ActiveCfg = Debug|Any CPU
		{4169EA7C-EF79-4B5B-85BB-DAA1CBB0B115}.Debug|Any CPU.Build.0 = Debug|Any CPU
		{4169EA7C-EF79-4B5B-85BB-DAA1CBB0B115}.Release|Any CPU.ActiveCfg = Release|Any CPU
		{4169EA7C-EF79-4B5B-85BB-DAA1CBB0B115}.Release|Any CPU.Build.0 = Release|Any CPU
		{7EC0790D-4CD1-4BF2-8894-1721ACC90582}.Debug|Any CPU.ActiveCfg = Debug|Any CPU
		{7EC0790D-4CD1-4BF2-8894-1721ACC90582}.Debug|Any CPU.Build.0 = Debug|Any CPU
		{7EC0790D-4CD1-4BF2-8894-1721ACC90582}.Release|Any CPU.ActiveCfg = Release|Any CPU
		{7EC0790D-4CD1-4BF2-8894-1721ACC90582}.Release|Any CPU.Build.0 = Release|Any CPU
		{3269DDBE-2FD5-4989-A0DF-576B7A805E4E}.Debug|Any CPU.ActiveCfg = Debug|Any CPU
		{3269DDBE-2FD5-4989-A0DF-576B7A805E4E}.Debug|Any CPU.Build.0 = Debug|Any CPU
		{3269DDBE-2FD5-4989-A0DF-576B7A805E4E}.Release|Any CPU.ActiveCfg = Release|Any CPU
		{3269DDBE-2FD5-4989-A0DF-576B7A805E4E}.Release|Any CPU.Build.0 = Release|Any CPU
		{3E57EFAF-F127-42EF-96C7-05CDFC578893}.Debug|Any CPU.ActiveCfg = Debug|Any CPU
		{3E57EFAF-F127-42EF-96C7-05CDFC578893}.Debug|Any CPU.Build.0 = Debug|Any CPU
		{3E57EFAF-F127-42EF-96C7-05CDFC578893}.Release|Any CPU.ActiveCfg = Release|Any CPU
		{3E57EFAF-F127-42EF-96C7-05CDFC578893}.Release|Any CPU.Build.0 = Release|Any CPU
		{D0FC0F98-6ED7-4B0D-9267-DD9C32B406AA}.Debug|Any CPU.ActiveCfg = Debug|Any CPU
		{D0FC0F98-6ED7-4B0D-9267-DD9C32B406AA}.Debug|Any CPU.Build.0 = Debug|Any CPU
		{D0FC0F98-6ED7-4B0D-9267-DD9C32B406AA}.Release|Any CPU.ActiveCfg = Release|Any CPU
		{D0FC0F98-6ED7-4B0D-9267-DD9C32B406AA}.Release|Any CPU.Build.0 = Release|Any CPU
		{4A35FD43-7F22-4B5C-BC87-7C2FEC57FFE9}.Debug|Any CPU.ActiveCfg = Debug|Any CPU
		{4A35FD43-7F22-4B5C-BC87-7C2FEC57FFE9}.Debug|Any CPU.Build.0 = Debug|Any CPU
		{4A35FD43-7F22-4B5C-BC87-7C2FEC57FFE9}.Release|Any CPU.ActiveCfg = Release|Any CPU
		{4A35FD43-7F22-4B5C-BC87-7C2FEC57FFE9}.Release|Any CPU.Build.0 = Release|Any CPU
		{709E5D65-2C0D-4EB9-9ACC-DA0D60E15DDC}.Debug|Any CPU.ActiveCfg = Debug|Any CPU
		{709E5D65-2C0D-4EB9-9ACC-DA0D60E15DDC}.Debug|Any CPU.Build.0 = Debug|Any CPU
		{709E5D65-2C0D-4EB9-9ACC-DA0D60E15DDC}.Release|Any CPU.ActiveCfg = Release|Any CPU
		{709E5D65-2C0D-4EB9-9ACC-DA0D60E15DDC}.Release|Any CPU.Build.0 = Release|Any CPU
		{15E9D8DA-BA4F-4D85-94F2-B26FC7DA4332}.Debug|Any CPU.ActiveCfg = Debug|Any CPU
		{15E9D8DA-BA4F-4D85-94F2-B26FC7DA4332}.Debug|Any CPU.Build.0 = Debug|Any CPU
		{15E9D8DA-BA4F-4D85-94F2-B26FC7DA4332}.Release|Any CPU.ActiveCfg = Release|Any CPU
		{15E9D8DA-BA4F-4D85-94F2-B26FC7DA4332}.Release|Any CPU.Build.0 = Release|Any CPU
		{2AE216DD-D591-4274-BD4B-9B2328D09F17}.Debug|Any CPU.ActiveCfg = Debug|Any CPU
		{2AE216DD-D591-4274-BD4B-9B2328D09F17}.Debug|Any CPU.Build.0 = Debug|Any CPU
		{2AE216DD-D591-4274-BD4B-9B2328D09F17}.Release|Any CPU.ActiveCfg = Release|Any CPU
		{2AE216DD-D591-4274-BD4B-9B2328D09F17}.Release|Any CPU.Build.0 = Release|Any CPU
		{9FDCB32A-462F-4BEE-8338-F49937142F95}.Debug|Any CPU.ActiveCfg = Debug|Any CPU
		{9FDCB32A-462F-4BEE-8338-F49937142F95}.Debug|Any CPU.Build.0 = Debug|Any CPU
		{9FDCB32A-462F-4BEE-8338-F49937142F95}.Release|Any CPU.ActiveCfg = Release|Any CPU
		{9FDCB32A-462F-4BEE-8338-F49937142F95}.Release|Any CPU.Build.0 = Release|Any CPU
		{D2B93DDA-B769-4579-B82A-FAE985BD2DBE}.Debug|Any CPU.ActiveCfg = Debug|Any CPU
		{D2B93DDA-B769-4579-B82A-FAE985BD2DBE}.Debug|Any CPU.Build.0 = Debug|Any CPU
		{D2B93DDA-B769-4579-B82A-FAE985BD2DBE}.Release|Any CPU.ActiveCfg = Release|Any CPU
		{D2B93DDA-B769-4579-B82A-FAE985BD2DBE}.Release|Any CPU.Build.0 = Release|Any CPU
		{73C36CA8-FC86-4CBA-9A05-09E4D04A04BF}.Debug|Any CPU.ActiveCfg = Debug|Any CPU
		{73C36CA8-FC86-4CBA-9A05-09E4D04A04BF}.Debug|Any CPU.Build.0 = Debug|Any CPU
		{73C36CA8-FC86-4CBA-9A05-09E4D04A04BF}.Release|Any CPU.ActiveCfg = Release|Any CPU
		{73C36CA8-FC86-4CBA-9A05-09E4D04A04BF}.Release|Any CPU.Build.0 = Release|Any CPU
		{B0892D3E-34A6-4E24-BECD-6221B88AE209}.Debug|Any CPU.ActiveCfg = Debug|Any CPU
		{B0892D3E-34A6-4E24-BECD-6221B88AE209}.Debug|Any CPU.Build.0 = Debug|Any CPU
		{B0892D3E-34A6-4E24-BECD-6221B88AE209}.Release|Any CPU.ActiveCfg = Release|Any CPU
		{B0892D3E-34A6-4E24-BECD-6221B88AE209}.Release|Any CPU.Build.0 = Release|Any CPU
		{6D30D0C8-E019-403C-88D3-74417DAE4B03}.Debug|Any CPU.ActiveCfg = Debug|Any CPU
		{6D30D0C8-E019-403C-88D3-74417DAE4B03}.Debug|Any CPU.Build.0 = Debug|Any CPU
		{6D30D0C8-E019-403C-88D3-74417DAE4B03}.Release|Any CPU.ActiveCfg = Release|Any CPU
		{6D30D0C8-E019-403C-88D3-74417DAE4B03}.Release|Any CPU.Build.0 = Release|Any CPU
		{62E961BA-F79A-4328-A9CC-4132C3A6BAFA}.Debug|Any CPU.ActiveCfg = Debug|Any CPU
		{62E961BA-F79A-4328-A9CC-4132C3A6BAFA}.Debug|Any CPU.Build.0 = Debug|Any CPU
		{62E961BA-F79A-4328-A9CC-4132C3A6BAFA}.Release|Any CPU.ActiveCfg = Release|Any CPU
		{62E961BA-F79A-4328-A9CC-4132C3A6BAFA}.Release|Any CPU.Build.0 = Release|Any CPU
		{BC5B9A3E-0CCA-4FE2-BFC0-7B7CD02278C7}.Debug|Any CPU.ActiveCfg = Debug|Any CPU
		{BC5B9A3E-0CCA-4FE2-BFC0-7B7CD02278C7}.Debug|Any CPU.Build.0 = Debug|Any CPU
		{BC5B9A3E-0CCA-4FE2-BFC0-7B7CD02278C7}.Release|Any CPU.ActiveCfg = Release|Any CPU
		{BC5B9A3E-0CCA-4FE2-BFC0-7B7CD02278C7}.Release|Any CPU.Build.0 = Release|Any CPU
		{D177E45D-F374-455C-B66A-77FAF0B6522B}.Debug|Any CPU.ActiveCfg = Debug|Any CPU
		{D177E45D-F374-455C-B66A-77FAF0B6522B}.Debug|Any CPU.Build.0 = Debug|Any CPU
		{D177E45D-F374-455C-B66A-77FAF0B6522B}.Release|Any CPU.ActiveCfg = Release|Any CPU
		{D177E45D-F374-455C-B66A-77FAF0B6522B}.Release|Any CPU.Build.0 = Release|Any CPU
		{C575B67C-CC33-41AE-AA78-9163D7612C6E}.Debug|Any CPU.ActiveCfg = Debug|Any CPU
		{C575B67C-CC33-41AE-AA78-9163D7612C6E}.Debug|Any CPU.Build.0 = Debug|Any CPU
		{C575B67C-CC33-41AE-AA78-9163D7612C6E}.Release|Any CPU.ActiveCfg = Release|Any CPU
		{C575B67C-CC33-41AE-AA78-9163D7612C6E}.Release|Any CPU.Build.0 = Release|Any CPU
	EndGlobalSection
	GlobalSection(SolutionProperties) = preSolution
		HideSolutionNode = FALSE
	EndGlobalSection
	GlobalSection(ExtensibilityGlobals) = postSolution
		SolutionGuid = {D02D048F-44EE-40E3-A916-9A040BF24FB2}
	EndGlobalSection
EndGlobal
