
Microsoft Visual Studio Solution File, Format Version 12.00
# Visual Studio 15
VisualStudioVersion = 15.0.28307.329
MinimumVisualStudioVersion = 10.0.40219.1
Project("{FAE04EC0-301F-11D3-BF4B-00C04F79EFBC}") = "20190129_ComboBox", "20190129_ComboBox\20190129_ComboBox.csproj", "{4475E2E9-F62B-435C-9EE1-89594D919622}"
EndProject
Global
	GlobalSection(SolutionConfigurationPlatforms) = preSolution
		Debug|Any CPU = Debug|Any CPU
		Release|Any CPU = Release|Any CPU
	EndGlobalSection
	GlobalSection(ProjectConfigurationPlatforms) = postSolution
		{4475E2E9-F62B-435C-9EE1-89594D919622}.Debug|Any CPU.ActiveCfg = Debug|Any CPU
		{4475E2E9-F62B-435C-9EE1-89594D919622}.Debug|Any CPU.Build.0 = Debug|Any CPU
		{4475E2E9-F62B-435C-9EE1-89594D919622}.Release|Any CPU.ActiveCfg = Release|Any CPU
		{4475E2E9-F62B-435C-9EE1-89594D919622}.Release|Any CPU.Build.0 = Release|Any CPU
	EndGlobalSection
	GlobalSection(SolutionProperties) = preSolution
		HideSolutionNode = FALSE
	EndGlobalSection
	GlobalSection(ExtensibilityGlobals) = postSolution
		SolutionGuid = {DA3925E0-69A1-43DF-BFD2-38E860B5E471}
	EndGlobalSection
EndGlobal
