
Microsoft Visual Studio Solution File, Format Version 12.00
# Visual Studio 15
VisualStudioVersion = 15.0.28307.329
MinimumVisualStudioVersion = 10.0.40219.1
Project("{FAE04EC0-301F-11D3-BF4B-00C04F79EFBC}") = "20190129_Rss_Api", "20190129_Rss_Api\20190129_Rss_Api.csproj", "{7EC0790D-4CD1-4BF2-8894-1721ACC90582}"
EndProject
Global
	GlobalSection(SolutionConfigurationPlatforms) = preSolution
		Debug|Any CPU = Debug|Any CPU
		Release|Any CPU = Release|Any CPU
	EndGlobalSection
	GlobalSection(ProjectConfigurationPlatforms) = postSolution
		{7EC0790D-4CD1-4BF2-8894-1721ACC90582}.Debug|Any CPU.ActiveCfg = Debug|Any CPU
		{7EC0790D-4CD1-4BF2-8894-1721ACC90582}.Debug|Any CPU.Build.0 = Debug|Any CPU
		{7EC0790D-4CD1-4BF2-8894-1721ACC90582}.Release|Any CPU.ActiveCfg = Release|Any CPU
		{7EC0790D-4CD1-4BF2-8894-1721ACC90582}.Release|Any CPU.Build.0 = Release|Any CPU
	EndGlobalSection
	GlobalSection(SolutionProperties) = preSolution
		HideSolutionNode = FALSE
	EndGlobalSection
	GlobalSection(ExtensibilityGlobals) = postSolution
		SolutionGuid = {FBBC7689-9DDA-4256-8F37-3C02F4B01AFF}
	EndGlobalSection
EndGlobal
